
Microsoft Visual Studio Solution File, Format Version 12.00
# Visual Studio Version 16
VisualStudioVersion = 16.0.29215.179
MinimumVisualStudioVersion = 10.0.40219.1
Project("{FAE04EC0-301F-11D3-BF4B-00C04F79EFBC}") = "Interaccion", "Interaccion\Interaccion.csproj", "{1C446CCB-7FA2-4E8B-888B-7D899E652225}"
EndProject
Global
	GlobalSection(SolutionConfigurationPlatforms) = preSolution
		Debug|Any CPU = Debug|Any CPU
		Release|Any CPU = Release|Any CPU
	EndGlobalSection
	GlobalSection(ProjectConfigurationPlatforms) = postSolution
		{1C446CCB-7FA2-4E8B-888B-7D899E652225}.Debug|Any CPU.ActiveCfg = Debug|Any CPU
		{1C446CCB-7FA2-4E8B-888B-7D899E652225}.Debug|Any CPU.Build.0 = Debug|Any CPU
		{1C446CCB-7FA2-4E8B-888B-7D899E652225}.Release|Any CPU.ActiveCfg = Release|Any CPU
		{1C446CCB-7FA2-4E8B-888B-7D899E652225}.Release|Any CPU.Build.0 = Release|Any CPU
	EndGlobalSection
	GlobalSection(SolutionProperties) = preSolution
		HideSolutionNode = FALSE
	EndGlobalSection
	GlobalSection(ExtensibilityGlobals) = postSolution
		SolutionGuid = {66A397E9-914F-43B4-A6B7-E1E83B2C0472}
	EndGlobalSection
EndGlobal
